// !$*UTF8*$!
{
	archiveVersion = 1;
	classes = {
	};
	objectVersion = 50;
	objects = {

/* Begin PBXBuildFile section */
		D9B5CBBC21FC5B8000691A77 /* main.swift in Sources */ = {isa = PBXBuildFile; fileRef = D9B5CBBB21FC5B8000691A77 /* main.swift */; };
		D9B5CBC321FC5F7F00691A77 /* APIClient.swift in Sources */ = {isa = PBXBuildFile; fileRef = D9B5CBC221FC5F7F00691A77 /* APIClient.swift */; };
		D9B5CBC721FC609200691A77 /* Result.swift in Sources */ = {isa = PBXBuildFile; fileRef = D9B5CBC621FC609200691A77 /* Result.swift */; };
		D9B5CBCF21FC636B00691A77 /* APIRequestBuilderTests.swift in Sources */ = {isa = PBXBuildFile; fileRef = D9B5CBCE21FC636B00691A77 /* APIRequestBuilderTests.swift */; };
		D9B5CBD421FC656B00691A77 /* APIClient.swift in Sources */ = {isa = PBXBuildFile; fileRef = D9B5CBC221FC5F7F00691A77 /* APIClient.swift */; };
		D9B5CBD521FC657500691A77 /* Result.swift in Sources */ = {isa = PBXBuildFile; fileRef = D9B5CBC621FC609200691A77 /* Result.swift */; };
		D9B5CBD721FC78E800691A77 /* WeatherForecast.swift in Sources */ = {isa = PBXBuildFile; fileRef = D9B5CBD621FC78E800691A77 /* WeatherForecast.swift */; };
		D9B5CBDB21FCD09200691A77 /* APIError.swift in Sources */ = {isa = PBXBuildFile; fileRef = D9B5CBDA21FCD09200691A77 /* APIError.swift */; };
		D9B5CBDD21FDB01300691A77 /* WeatherClient.swift in Sources */ = {isa = PBXBuildFile; fileRef = D9B5CBDC21FDB01300691A77 /* WeatherClient.swift */; };
		D9B5CBDF21FDB15800691A77 /* DataHexConversionTests.swift in Sources */ = {isa = PBXBuildFile; fileRef = D9B5CBDE21FDB15800691A77 /* DataHexConversionTests.swift */; };
		D9B5CBE321FDB17D00691A77 /* ForecastPacket.swift in Sources */ = {isa = PBXBuildFile; fileRef = D9B5CBE221FDB17D00691A77 /* ForecastPacket.swift */; };
		D9B5CBE421FDED5800691A77 /* ForecastPacket.swift in Sources */ = {isa = PBXBuildFile; fileRef = D9B5CBE221FDB17D00691A77 /* ForecastPacket.swift */; };
		D9B5CBE521FDED8800691A77 /* WeatherForecast.swift in Sources */ = {isa = PBXBuildFile; fileRef = D9B5CBD621FC78E800691A77 /* WeatherForecast.swift */; };
		D9B5CBE621FDED8E00691A77 /* APIError.swift in Sources */ = {isa = PBXBuildFile; fileRef = D9B5CBDA21FCD09200691A77 /* APIError.swift */; };
		D9B5CBE721FDED8E00691A77 /* WeatherClient.swift in Sources */ = {isa = PBXBuildFile; fileRef = D9B5CBDC21FDB01300691A77 /* WeatherClient.swift */; };
		D9B5CBE921FDEE4E00691A77 /* ForecastPacketTests.swift in Sources */ = {isa = PBXBuildFile; fileRef = D9B5CBE821FDEE4E00691A77 /* ForecastPacketTests.swift */; };
		D9B5CBEB21FDF2CB00691A77 /* WeatherStationPacketTests.swift in Sources */ = {isa = PBXBuildFile; fileRef = D9B5CBEA21FDF2CB00691A77 /* WeatherStationPacketTests.swift */; };
		D9B5CBED21FE03B800691A77 /* ChecksumMathTests.swift in Sources */ = {isa = PBXBuildFile; fileRef = D9B5CBEC21FE03B800691A77 /* ChecksumMathTests.swift */; };
		D9B5CBEF21FE0BDB00691A77 /* Array+Hex.swift in Sources */ = {isa = PBXBuildFile; fileRef = D9B5CBEE21FE0BDB00691A77 /* Array+Hex.swift */; };
		D9B5CBF121FE0BF100691A77 /* Array+SumChecksum.swift in Sources */ = {isa = PBXBuildFile; fileRef = D9B5CBF021FE0BF100691A77 /* Array+SumChecksum.swift */; };
		D9B5CBF321FE0C2600691A77 /* Data+Hex.swift in Sources */ = {isa = PBXBuildFile; fileRef = D9B5CBF221FE0C2600691A77 /* Data+Hex.swift */; };
		D9B5CBF421FE0CB200691A77 /* Array+SumChecksum.swift in Sources */ = {isa = PBXBuildFile; fileRef = D9B5CBF021FE0BF100691A77 /* Array+SumChecksum.swift */; };
		D9B5CBF521FE0CB200691A77 /* Data+Hex.swift in Sources */ = {isa = PBXBuildFile; fileRef = D9B5CBF221FE0C2600691A77 /* Data+Hex.swift */; };
		D9B5CBF621FE0CB200691A77 /* Array+Hex.swift in Sources */ = {isa = PBXBuildFile; fileRef = D9B5CBEE21FE0BDB00691A77 /* Array+Hex.swift */; };
		D9B5CBF821FE0F6100691A77 /* UInt16+ByteArray.swift in Sources */ = {isa = PBXBuildFile; fileRef = D9B5CBF721FE0F6100691A77 /* UInt16+ByteArray.swift */; };
		D9B5CBF921FE0FC700691A77 /* UInt16+ByteArray.swift in Sources */ = {isa = PBXBuildFile; fileRef = D9B5CBF721FE0F6100691A77 /* UInt16+ByteArray.swift */; };
		D9C83A6621FF170600A40689 /* Float+Int16Round.swift in Sources */ = {isa = PBXBuildFile; fileRef = D9C83A6521FF170600A40689 /* Float+Int16Round.swift */; };
		D9C83A6821FF177500A40689 /* FlatRoundingTests.swift in Sources */ = {isa = PBXBuildFile; fileRef = D9C83A6721FF177500A40689 /* FlatRoundingTests.swift */; };
		D9C83A6921FF182B00A40689 /* Float+Int16Round.swift in Sources */ = {isa = PBXBuildFile; fileRef = D9C83A6521FF170600A40689 /* Float+Int16Round.swift */; };
		D9C83A6B21FF248000A40689 /* RequestCreator.swift in Sources */ = {isa = PBXBuildFile; fileRef = D9C83A6A21FF248000A40689 /* RequestCreator.swift */; };
		D9C83A6D21FF254A00A40689 /* WeatherRequest.swift in Sources */ = {isa = PBXBuildFile; fileRef = D9C83A6C21FF254A00A40689 /* WeatherRequest.swift */; };
/* End PBXBuildFile section */

/* Begin PBXCopyFilesBuildPhase section */
		D9B5CBB621FC5B8000691A77 /* CopyFiles */ = {
			isa = PBXCopyFilesBuildPhase;
			buildActionMask = 2147483647;
			dstPath = /usr/share/man/man1/;
			dstSubfolderSpec = 0;
			files = (
			);
			runOnlyForDeploymentPostprocessing = 1;
		};
/* End PBXCopyFilesBuildPhase section */

/* Begin PBXFileReference section */
		D9B5CBB821FC5B8000691A77 /* WeatherStationService */ = {isa = PBXFileReference; explicitFileType = "compiled.mach-o.executable"; includeInIndex = 0; path = WeatherStationService; sourceTree = BUILT_PRODUCTS_DIR; };
		D9B5CBBB21FC5B8000691A77 /* main.swift */ = {isa = PBXFileReference; lastKnownFileType = sourcecode.swift; path = main.swift; sourceTree = "<group>"; };
		D9B5CBC221FC5F7F00691A77 /* APIClient.swift */ = {isa = PBXFileReference; lastKnownFileType = sourcecode.swift; path = APIClient.swift; sourceTree = "<group>"; };
		D9B5CBC621FC609200691A77 /* Result.swift */ = {isa = PBXFileReference; lastKnownFileType = sourcecode.swift; path = Result.swift; sourceTree = "<group>"; };
		D9B5CBCC21FC636B00691A77 /* WeatherStationServiceTests.xctest */ = {isa = PBXFileReference; explicitFileType = wrapper.cfbundle; includeInIndex = 0; path = WeatherStationServiceTests.xctest; sourceTree = BUILT_PRODUCTS_DIR; };
		D9B5CBCE21FC636B00691A77 /* APIRequestBuilderTests.swift */ = {isa = PBXFileReference; lastKnownFileType = sourcecode.swift; path = APIRequestBuilderTests.swift; sourceTree = "<group>"; };
		D9B5CBD021FC636B00691A77 /* Info.plist */ = {isa = PBXFileReference; lastKnownFileType = text.plist.xml; path = Info.plist; sourceTree = "<group>"; };
		D9B5CBD621FC78E800691A77 /* WeatherForecast.swift */ = {isa = PBXFileReference; lastKnownFileType = sourcecode.swift; path = WeatherForecast.swift; sourceTree = "<group>"; };
		D9B5CBDA21FCD09200691A77 /* APIError.swift */ = {isa = PBXFileReference; lastKnownFileType = sourcecode.swift; path = APIError.swift; sourceTree = "<group>"; };
		D9B5CBDC21FDB01300691A77 /* WeatherClient.swift */ = {isa = PBXFileReference; lastKnownFileType = sourcecode.swift; path = WeatherClient.swift; sourceTree = "<group>"; };
		D9B5CBDE21FDB15800691A77 /* DataHexConversionTests.swift */ = {isa = PBXFileReference; lastKnownFileType = sourcecode.swift; path = DataHexConversionTests.swift; sourceTree = "<group>"; };
		D9B5CBE221FDB17D00691A77 /* ForecastPacket.swift */ = {isa = PBXFileReference; lastKnownFileType = sourcecode.swift; path = ForecastPacket.swift; sourceTree = "<group>"; };
		D9B5CBE821FDEE4E00691A77 /* ForecastPacketTests.swift */ = {isa = PBXFileReference; lastKnownFileType = sourcecode.swift; path = ForecastPacketTests.swift; sourceTree = "<group>"; };
		D9B5CBEA21FDF2CB00691A77 /* WeatherStationPacketTests.swift */ = {isa = PBXFileReference; lastKnownFileType = sourcecode.swift; path = WeatherStationPacketTests.swift; sourceTree = "<group>"; };
		D9B5CBEC21FE03B800691A77 /* ChecksumMathTests.swift */ = {isa = PBXFileReference; lastKnownFileType = sourcecode.swift; path = ChecksumMathTests.swift; sourceTree = "<group>"; };
		D9B5CBEE21FE0BDB00691A77 /* Array+Hex.swift */ = {isa = PBXFileReference; lastKnownFileType = sourcecode.swift; path = "Array+Hex.swift"; sourceTree = "<group>"; };
		D9B5CBF021FE0BF100691A77 /* Array+SumChecksum.swift */ = {isa = PBXFileReference; lastKnownFileType = sourcecode.swift; path = "Array+SumChecksum.swift"; sourceTree = "<group>"; };
		D9B5CBF221FE0C2600691A77 /* Data+Hex.swift */ = {isa = PBXFileReference; lastKnownFileType = sourcecode.swift; path = "Data+Hex.swift"; sourceTree = "<group>"; };
		D9B5CBF721FE0F6100691A77 /* UInt16+ByteArray.swift */ = {isa = PBXFileReference; lastKnownFileType = sourcecode.swift; path = "UInt16+ByteArray.swift"; sourceTree = "<group>"; };
		D9C83A6521FF170600A40689 /* Float+Int16Round.swift */ = {isa = PBXFileReference; lastKnownFileType = sourcecode.swift; path = "Float+Int16Round.swift"; sourceTree = "<group>"; };
		D9C83A6721FF177500A40689 /* FlatRoundingTests.swift */ = {isa = PBXFileReference; lastKnownFileType = sourcecode.swift; path = FlatRoundingTests.swift; sourceTree = "<group>"; };
		D9C83A6A21FF248000A40689 /* RequestCreator.swift */ = {isa = PBXFileReference; lastKnownFileType = sourcecode.swift; path = RequestCreator.swift; sourceTree = "<group>"; };
		D9C83A6C21FF254A00A40689 /* WeatherRequest.swift */ = {isa = PBXFileReference; lastKnownFileType = sourcecode.swift; path = WeatherRequest.swift; sourceTree = "<group>"; };
/* End PBXFileReference section */

/* Begin PBXFrameworksBuildPhase section */
		D9B5CBB521FC5B8000691A77 /* Frameworks */ = {
			isa = PBXFrameworksBuildPhase;
			buildActionMask = 2147483647;
			files = (
			);
			runOnlyForDeploymentPostprocessing = 0;
		};
		D9B5CBC921FC636B00691A77 /* Frameworks */ = {
			isa = PBXFrameworksBuildPhase;
			buildActionMask = 2147483647;
			files = (
			);
			runOnlyForDeploymentPostprocessing = 0;
		};
/* End PBXFrameworksBuildPhase section */

/* Begin PBXGroup section */
		D9B5CBAF21FC5B8000691A77 = {
			isa = PBXGroup;
			children = (
				D9B5CBBA21FC5B8000691A77 /* WeatherStationService */,
				D9B5CBCD21FC636B00691A77 /* WeatherStationServiceTests */,
				D9B5CBB921FC5B8000691A77 /* Products */,
			);
			sourceTree = "<group>";
		};
		D9B5CBB921FC5B8000691A77 /* Products */ = {
			isa = PBXGroup;
			children = (
				D9B5CBB821FC5B8000691A77 /* WeatherStationService */,
				D9B5CBCC21FC636B00691A77 /* WeatherStationServiceTests.xctest */,
			);
			name = Products;
			sourceTree = "<group>";
		};
		D9B5CBBA21FC5B8000691A77 /* WeatherStationService */ = {
			isa = PBXGroup;
			children = (
				D9B5CBE121FDB16A00691A77 /* REST Client */,
				D9B5CBE021FDB16000691A77 /* UDP Server */,
				D9B5CBBB21FC5B8000691A77 /* main.swift */,
			);
			path = WeatherStationService;
			sourceTree = "<group>";
		};
		D9B5CBCD21FC636B00691A77 /* WeatherStationServiceTests */ = {
			isa = PBXGroup;
			children = (
				D9B5CBCE21FC636B00691A77 /* APIRequestBuilderTests.swift */,
				D9B5CBD021FC636B00691A77 /* Info.plist */,
				D9B5CBDE21FDB15800691A77 /* DataHexConversionTests.swift */,
				D9B5CBE821FDEE4E00691A77 /* ForecastPacketTests.swift */,
				D9B5CBEA21FDF2CB00691A77 /* WeatherStationPacketTests.swift */,
				D9B5CBEC21FE03B800691A77 /* ChecksumMathTests.swift */,
				D9C83A6721FF177500A40689 /* FlatRoundingTests.swift */,
			);
			path = WeatherStationServiceTests;
			sourceTree = "<group>";
		};
		D9B5CBE021FDB16000691A77 /* UDP Server */ = {
			isa = PBXGroup;
			children = (
				D9B5CBE221FDB17D00691A77 /* ForecastPacket.swift */,
				D9B5CBEE21FE0BDB00691A77 /* Array+Hex.swift */,
				D9B5CBF221FE0C2600691A77 /* Data+Hex.swift */,
				D9B5CBF021FE0BF100691A77 /* Array+SumChecksum.swift */,
				D9B5CBF721FE0F6100691A77 /* UInt16+ByteArray.swift */,
				D9C83A6521FF170600A40689 /* Float+Int16Round.swift */,
				D9C83A6A21FF248000A40689 /* RequestCreator.swift */,
				D9C83A6C21FF254A00A40689 /* WeatherRequest.swift */,
			);
			path = "UDP Server";
			sourceTree = "<group>";
		};
		D9B5CBE121FDB16A00691A77 /* REST Client */ = {
			isa = PBXGroup;
			children = (
				D9B5CBC221FC5F7F00691A77 /* APIClient.swift */,
				D9B5CBC621FC609200691A77 /* Result.swift */,
				D9B5CBD621FC78E800691A77 /* WeatherForecast.swift */,
				D9B5CBDA21FCD09200691A77 /* APIError.swift */,
				D9B5CBDC21FDB01300691A77 /* WeatherClient.swift */,
			);
			path = "REST Client";
			sourceTree = "<group>";
		};
/* End PBXGroup section */

/* Begin PBXNativeTarget section */
		D9B5CBB721FC5B8000691A77 /* WeatherStationService */ = {
			isa = PBXNativeTarget;
			buildConfigurationList = D9B5CBBF21FC5B8000691A77 /* Build configuration list for PBXNativeTarget "WeatherStationService" */;
			buildPhases = (
				D9B5CBB421FC5B8000691A77 /* Sources */,
				D9B5CBB521FC5B8000691A77 /* Frameworks */,
				D9B5CBB621FC5B8000691A77 /* CopyFiles */,
			);
			buildRules = (
			);
			dependencies = (
			);
			name = WeatherStationService;
			productName = WeatherStationService;
			productReference = D9B5CBB821FC5B8000691A77 /* WeatherStationService */;
			productType = "com.apple.product-type.tool";
		};
		D9B5CBCB21FC636B00691A77 /* WeatherStationServiceTests */ = {
			isa = PBXNativeTarget;
			buildConfigurationList = D9B5CBD121FC636B00691A77 /* Build configuration list for PBXNativeTarget "WeatherStationServiceTests" */;
			buildPhases = (
				D9B5CBC821FC636B00691A77 /* Sources */,
				D9B5CBC921FC636B00691A77 /* Frameworks */,
				D9B5CBCA21FC636B00691A77 /* Resources */,
			);
			buildRules = (
			);
			dependencies = (
			);
			name = WeatherStationServiceTests;
			productName = WeatherStationServiceTests;
			productReference = D9B5CBCC21FC636B00691A77 /* WeatherStationServiceTests.xctest */;
			productType = "com.apple.product-type.bundle.unit-test";
		};
/* End PBXNativeTarget section */

/* Begin PBXProject section */
		D9B5CBB021FC5B8000691A77 /* Project object */ = {
			isa = PBXProject;
			attributes = {
				LastSwiftUpdateCheck = 1010;
				LastUpgradeCheck = 1010;
				ORGANIZATIONNAME = "Fabio Gallonetto";
				TargetAttributes = {
					D9B5CBB721FC5B8000691A77 = {
						CreatedOnToolsVersion = 10.1;
					};
					D9B5CBCB21FC636B00691A77 = {
						CreatedOnToolsVersion = 10.1;
					};
				};
			};
			buildConfigurationList = D9B5CBB321FC5B8000691A77 /* Build configuration list for PBXProject "WeatherStationService" */;
			compatibilityVersion = "Xcode 9.3";
			developmentRegion = en;
			hasScannedForEncodings = 0;
			knownRegions = (
				en,
			);
			mainGroup = D9B5CBAF21FC5B8000691A77;
			productRefGroup = D9B5CBB921FC5B8000691A77 /* Products */;
			projectDirPath = "";
			projectRoot = "";
			targets = (
				D9B5CBB721FC5B8000691A77 /* WeatherStationService */,
				D9B5CBCB21FC636B00691A77 /* WeatherStationServiceTests */,
			);
		};
/* End PBXProject section */

/* Begin PBXResourcesBuildPhase section */
		D9B5CBCA21FC636B00691A77 /* Resources */ = {
			isa = PBXResourcesBuildPhase;
			buildActionMask = 2147483647;
			files = (
			);
			runOnlyForDeploymentPostprocessing = 0;
		};
/* End PBXResourcesBuildPhase section */

/* Begin PBXSourcesBuildPhase section */
		D9B5CBB421FC5B8000691A77 /* Sources */ = {
			isa = PBXSourcesBuildPhase;
			buildActionMask = 2147483647;
			files = (
				D9C83A6621FF170600A40689 /* Float+Int16Round.swift in Sources */,
				D9B5CBC721FC609200691A77 /* Result.swift in Sources */,
				D9B5CBF821FE0F6100691A77 /* UInt16+ByteArray.swift in Sources */,
				D9B5CBBC21FC5B8000691A77 /* main.swift in Sources */,
				D9B5CBE321FDB17D00691A77 /* ForecastPacket.swift in Sources */,
				D9B5CBF621FE0CB200691A77 /* Array+Hex.swift in Sources */,
				D9B5CBF521FE0CB200691A77 /* Data+Hex.swift in Sources */,
				D9C83A6B21FF248000A40689 /* RequestCreator.swift in Sources */,
				D9B5CBC321FC5F7F00691A77 /* APIClient.swift in Sources */,
				D9B5CBF421FE0CB200691A77 /* Array+SumChecksum.swift in Sources */,
				D9B5CBDB21FCD09200691A77 /* APIError.swift in Sources */,
				D9B5CBD721FC78E800691A77 /* WeatherForecast.swift in Sources */,
				D9C83A6D21FF254A00A40689 /* WeatherRequest.swift in Sources */,
				D9B5CBDD21FDB01300691A77 /* WeatherClient.swift in Sources */,
			);
			runOnlyForDeploymentPostprocessing = 0;
		};
		D9B5CBC821FC636B00691A77 /* Sources */ = {
			isa = PBXSourcesBuildPhase;
			buildActionMask = 2147483647;
			files = (
				D9B5CBE921FDEE4E00691A77 /* ForecastPacketTests.swift in Sources */,
				D9B5CBD521FC657500691A77 /* Result.swift in Sources */,
				D9C83A6821FF177500A40689 /* FlatRoundingTests.swift in Sources */,
				D9B5CBCF21FC636B00691A77 /* APIRequestBuilderTests.swift in Sources */,
				D9B5CBEB21FDF2CB00691A77 /* WeatherStationPacketTests.swift in Sources */,
				D9B5CBED21FE03B800691A77 /* ChecksumMathTests.swift in Sources */,
				D9B5CBF321FE0C2600691A77 /* Data+Hex.swift in Sources */,
				D9B5CBF121FE0BF100691A77 /* Array+SumChecksum.swift in Sources */,
				D9B5CBE421FDED5800691A77 /* ForecastPacket.swift in Sources */,
				D9B5CBE521FDED8800691A77 /* WeatherForecast.swift in Sources */,
				D9B5CBDF21FDB15800691A77 /* DataHexConversionTests.swift in Sources */,
				D9B5CBE721FDED8E00691A77 /* WeatherClient.swift in Sources */,
				D9B5CBEF21FE0BDB00691A77 /* Array+Hex.swift in Sources */,
				D9B5CBF921FE0FC700691A77 /* UInt16+ByteArray.swift in Sources */,
				D9B5CBD421FC656B00691A77 /* APIClient.swift in Sources */,
				D9C83A6921FF182B00A40689 /* Float+Int16Round.swift in Sources */,
				D9B5CBE621FDED8E00691A77 /* APIError.swift in Sources */,
			);
			runOnlyForDeploymentPostprocessing = 0;
		};
/* End PBXSourcesBuildPhase section */

/* Begin XCBuildConfiguration section */
		D9B5CBBD21FC5B8000691A77 /* Debug */ = {
			isa = XCBuildConfiguration;
			buildSettings = {
				ALWAYS_SEARCH_USER_PATHS = NO;
				CLANG_ANALYZER_NONNULL = YES;
				CLANG_ANALYZER_NUMBER_OBJECT_CONVERSION = YES_AGGRESSIVE;
				CLANG_CXX_LANGUAGE_STANDARD = "gnu++14";
				CLANG_CXX_LIBRARY = "libc++";
				CLANG_ENABLE_MODULES = YES;
				CLANG_ENABLE_OBJC_ARC = YES;
				CLANG_ENABLE_OBJC_WEAK = YES;
				CLANG_WARN_BLOCK_CAPTURE_AUTORELEASING = YES;
				CLANG_WARN_BOOL_CONVERSION = YES;
				CLANG_WARN_COMMA = YES;
				CLANG_WARN_CONSTANT_CONVERSION = YES;
				CLANG_WARN_DEPRECATED_OBJC_IMPLEMENTATIONS = YES;
				CLANG_WARN_DIRECT_OBJC_ISA_USAGE = YES_ERROR;
				CLANG_WARN_DOCUMENTATION_COMMENTS = YES;
				CLANG_WARN_EMPTY_BODY = YES;
				CLANG_WARN_ENUM_CONVERSION = YES;
				CLANG_WARN_INFINITE_RECURSION = YES;
				CLANG_WARN_INT_CONVERSION = YES;
				CLANG_WARN_NON_LITERAL_NULL_CONVERSION = YES;
				CLANG_WARN_OBJC_IMPLICIT_RETAIN_SELF = YES;
				CLANG_WARN_OBJC_LITERAL_CONVERSION = YES;
				CLANG_WARN_OBJC_ROOT_CLASS = YES_ERROR;
				CLANG_WARN_RANGE_LOOP_ANALYSIS = YES;
				CLANG_WARN_STRICT_PROTOTYPES = YES;
				CLANG_WARN_SUSPICIOUS_MOVE = YES;
				CLANG_WARN_UNGUARDED_AVAILABILITY = YES_AGGRESSIVE;
				CLANG_WARN_UNREACHABLE_CODE = YES;
				CLANG_WARN__DUPLICATE_METHOD_MATCH = YES;
				CODE_SIGN_IDENTITY = "-";
				COPY_PHASE_STRIP = NO;
				DEBUG_INFORMATION_FORMAT = dwarf;
				ENABLE_STRICT_OBJC_MSGSEND = YES;
				ENABLE_TESTABILITY = YES;
				GCC_C_LANGUAGE_STANDARD = gnu11;
				GCC_DYNAMIC_NO_PIC = NO;
				GCC_NO_COMMON_BLOCKS = YES;
				GCC_OPTIMIZATION_LEVEL = 0;
				GCC_PREPROCESSOR_DEFINITIONS = (
					"DEBUG=1",
					"$(inherited)",
				);
				GCC_WARN_64_TO_32_BIT_CONVERSION = YES;
				GCC_WARN_ABOUT_RETURN_TYPE = YES_ERROR;
				GCC_WARN_UNDECLARED_SELECTOR = YES;
				GCC_WARN_UNINITIALIZED_AUTOS = YES_AGGRESSIVE;
				GCC_WARN_UNUSED_FUNCTION = YES;
				GCC_WARN_UNUSED_VARIABLE = YES;
				MACOSX_DEPLOYMENT_TARGET = 10.14;
				MTL_ENABLE_DEBUG_INFO = INCLUDE_SOURCE;
				MTL_FAST_MATH = YES;
				ONLY_ACTIVE_ARCH = YES;
				SDKROOT = macosx;
				SWIFT_ACTIVE_COMPILATION_CONDITIONS = DEBUG;
				SWIFT_OPTIMIZATION_LEVEL = "-Onone";
			};
			name = Debug;
		};
		D9B5CBBE21FC5B8000691A77 /* Release */ = {
			isa = XCBuildConfiguration;
			buildSettings = {
				ALWAYS_SEARCH_USER_PATHS = NO;
				CLANG_ANALYZER_NONNULL = YES;
				CLANG_ANALYZER_NUMBER_OBJECT_CONVERSION = YES_AGGRESSIVE;
				CLANG_CXX_LANGUAGE_STANDARD = "gnu++14";
				CLANG_CXX_LIBRARY = "libc++";
				CLANG_ENABLE_MODULES = YES;
				CLANG_ENABLE_OBJC_ARC = YES;
				CLANG_ENABLE_OBJC_WEAK = YES;
				CLANG_WARN_BLOCK_CAPTURE_AUTORELEASING = YES;
				CLANG_WARN_BOOL_CONVERSION = YES;
				CLANG_WARN_COMMA = YES;
				CLANG_WARN_CONSTANT_CONVERSION = YES;
				CLANG_WARN_DEPRECATED_OBJC_IMPLEMENTATIONS = YES;
				CLANG_WARN_DIRECT_OBJC_ISA_USAGE = YES_ERROR;
				CLANG_WARN_DOCUMENTATION_COMMENTS = YES;
				CLANG_WARN_EMPTY_BODY = YES;
				CLANG_WARN_ENUM_CONVERSION = YES;
				CLANG_WARN_INFINITE_RECURSION = YES;
				CLANG_WARN_INT_CONVERSION = YES;
				CLANG_WARN_NON_LITERAL_NULL_CONVERSION = YES;
				CLANG_WARN_OBJC_IMPLICIT_RETAIN_SELF = YES;
				CLANG_WARN_OBJC_LITERAL_CONVERSION = YES;
				CLANG_WARN_OBJC_ROOT_CLASS = YES_ERROR;
				CLANG_WARN_RANGE_LOOP_ANALYSIS = YES;
				CLANG_WARN_STRICT_PROTOTYPES = YES;
				CLANG_WARN_SUSPICIOUS_MOVE = YES;
				CLANG_WARN_UNGUARDED_AVAILABILITY = YES_AGGRESSIVE;
				CLANG_WARN_UNREACHABLE_CODE = YES;
				CLANG_WARN__DUPLICATE_METHOD_MATCH = YES;
				CODE_SIGN_IDENTITY = "-";
				COPY_PHASE_STRIP = NO;
				DEBUG_INFORMATION_FORMAT = "dwarf-with-dsym";
				ENABLE_NS_ASSERTIONS = NO;
				ENABLE_STRICT_OBJC_MSGSEND = YES;
				GCC_C_LANGUAGE_STANDARD = gnu11;
				GCC_NO_COMMON_BLOCKS = YES;
				GCC_WARN_64_TO_32_BIT_CONVERSION = YES;
				GCC_WARN_ABOUT_RETURN_TYPE = YES_ERROR;
				GCC_WARN_UNDECLARED_SELECTOR = YES;
				GCC_WARN_UNINITIALIZED_AUTOS = YES_AGGRESSIVE;
				GCC_WARN_UNUSED_FUNCTION = YES;
				GCC_WARN_UNUSED_VARIABLE = YES;
				MACOSX_DEPLOYMENT_TARGET = 10.14;
				MTL_ENABLE_DEBUG_INFO = NO;
				MTL_FAST_MATH = YES;
				SDKROOT = macosx;
				SWIFT_COMPILATION_MODE = wholemodule;
				SWIFT_OPTIMIZATION_LEVEL = "-O";
			};
			name = Release;
		};
		D9B5CBC021FC5B8000691A77 /* Debug */ = {
			isa = XCBuildConfiguration;
			buildSettings = {
				CODE_SIGN_STYLE = Automatic;
				PRODUCT_NAME = "$(TARGET_NAME)";
				SWIFT_VERSION = 4.2;
			};
			name = Debug;
		};
		D9B5CBC121FC5B8000691A77 /* Release */ = {
			isa = XCBuildConfiguration;
			buildSettings = {
				CODE_SIGN_STYLE = Automatic;
				PRODUCT_NAME = "$(TARGET_NAME)";
				SWIFT_VERSION = 4.2;
			};
			name = Release;
		};
		D9B5CBD221FC636B00691A77 /* Debug */ = {
			isa = XCBuildConfiguration;
			buildSettings = {
				CODE_SIGN_STYLE = Automatic;
				COMBINE_HIDPI_IMAGES = YES;
				INFOPLIST_FILE = WeatherStationServiceTests/Info.plist;
				LD_RUNPATH_SEARCH_PATHS = (
					"$(inherited)",
					"@executable_path/../Frameworks",
					"@loader_path/../Frameworks",
				);
				PRODUCT_BUNDLE_IDENTIFIER = com.duhanebel.WeatherStationServiceTests;
				PRODUCT_NAME = "$(TARGET_NAME)";
				SWIFT_VERSION = 4.2;
			};
			name = Debug;
		};
		D9B5CBD321FC636B00691A77 /* Release */ = {
			isa = XCBuildConfiguration;
			buildSettings = {
				CODE_SIGN_STYLE = Automatic;
				COMBINE_HIDPI_IMAGES = YES;
				INFOPLIST_FILE = WeatherStationServiceTests/Info.plist;
				LD_RUNPATH_SEARCH_PATHS = (
					"$(inherited)",
					"@executable_path/../Frameworks",
					"@loader_path/../Frameworks",
				);
				PRODUCT_BUNDLE_IDENTIFIER = com.duhanebel.WeatherStationServiceTests;
				PRODUCT_NAME = "$(TARGET_NAME)";
				SWIFT_VERSION = 4.2;
			};
			name = Release;
		};
/* End XCBuildConfiguration section */

/* Begin XCConfigurationList section */
		D9B5CBB321FC5B8000691A77 /* Build configuration list for PBXProject "WeatherStationService" */ = {
			isa = XCConfigurationList;
			buildConfigurations = (
				D9B5CBBD21FC5B8000691A77 /* Debug */,
				D9B5CBBE21FC5B8000691A77 /* Release */,
			);
			defaultConfigurationIsVisible = 0;
			defaultConfigurationName = Release;
		};
		D9B5CBBF21FC5B8000691A77 /* Build configuration list for PBXNativeTarget "WeatherStationService" */ = {
			isa = XCConfigurationList;
			buildConfigurations = (
				D9B5CBC021FC5B8000691A77 /* Debug */,
				D9B5CBC121FC5B8000691A77 /* Release */,
			);
			defaultConfigurationIsVisible = 0;
			defaultConfigurationName = Release;
		};
		D9B5CBD121FC636B00691A77 /* Build configuration list for PBXNativeTarget "WeatherStationServiceTests" */ = {
			isa = XCConfigurationList;
			buildConfigurations = (
				D9B5CBD221FC636B00691A77 /* Debug */,
				D9B5CBD321FC636B00691A77 /* Release */,
			);
			defaultConfigurationIsVisible = 0;
			defaultConfigurationName = Release;
		};
/* End XCConfigurationList section */
	};
	rootObject = D9B5CBB021FC5B8000691A77 /* Project object */;
}
