// !$*UTF8*$!
{
	archiveVersion = 1;
	classes = {
	};
	objectVersion = 46;
	objects = {

/* Begin PBXAggregateTarget section */
		"WeatherStationService::WeatherStationServicePackageTests::ProductTarget" /* WeatherStationServicePackageTests */ = {
			isa = PBXAggregateTarget;
			buildConfigurationList = OBJ_139 /* Build configuration list for PBXAggregateTarget "WeatherStationServicePackageTests" */;
			buildPhases = (
			);
			dependencies = (
				OBJ_142 /* PBXTargetDependency */,
				OBJ_144 /* PBXTargetDependency */,
			);
			name = WeatherStationServicePackageTests;
			productName = WeatherStationServicePackageTests;
		};
/* End PBXAggregateTarget section */

/* Begin PBXBuildFile section */
		D932C3B5220F4BE100857219 /* UDPServer.swift in Sources */ = {isa = PBXBuildFile; fileRef = D932C3B1220F472500857219 /* UDPServer.swift */; };
		D932C3B8220F80CC00857219 /* SocketAddress.swift in Sources */ = {isa = PBXBuildFile; fileRef = D932C3B6220F77BA00857219 /* SocketAddress.swift */; };
		D9EE0BC02215C62100D7DCF3 /* CurrentWeatherRequestProcessor.swift in Sources */ = {isa = PBXBuildFile; fileRef = D9EE0BBC2215C61300D7DCF3 /* CurrentWeatherRequestProcessor.swift */; };
		D9EE0BC12215C62100D7DCF3 /* ForecastRequestProcessor.swift in Sources */ = {isa = PBXBuildFile; fileRef = D9EE0BBE2215C61C00D7DCF3 /* ForecastRequestProcessor.swift */; };
		D9EE0BC42216CD9100D7DCF3 /* api_key.txt in CopyFiles */ = {isa = PBXBuildFile; fileRef = D9EE0BC32216CD8D00D7DCF3 /* api_key.txt */; };
		OBJ_100 /* APIClient.swift in Sources */ = {isa = PBXBuildFile; fileRef = OBJ_45 /* APIClient.swift */; };
		OBJ_101 /* APIError.swift in Sources */ = {isa = PBXBuildFile; fileRef = OBJ_46 /* APIError.swift */; };
		OBJ_102 /* Result.swift in Sources */ = {isa = PBXBuildFile; fileRef = OBJ_47 /* Result.swift */; };
		OBJ_103 /* WeatherClient.swift in Sources */ = {isa = PBXBuildFile; fileRef = OBJ_48 /* WeatherClient.swift */; };
		OBJ_104 /* WeatherForecast.swift in Sources */ = {isa = PBXBuildFile; fileRef = OBJ_49 /* WeatherForecast.swift */; };
		OBJ_111 /* APIRequestBuilderTests.swift in Sources */ = {isa = PBXBuildFile; fileRef = OBJ_65 /* APIRequestBuilderTests.swift */; };
		OBJ_113 /* WeatherRESTClient.framework in Frameworks */ = {isa = PBXBuildFile; fileRef = "WeatherStationService::WeatherRESTClient::Product" /* WeatherRESTClient.framework */; };
		OBJ_120 /* KnownRequestProcessors.swift in Sources */ = {isa = PBXBuildFile; fileRef = OBJ_9 /* KnownRequestProcessors.swift */; };
		OBJ_123 /* main.swift in Sources */ = {isa = PBXBuildFile; fileRef = OBJ_12 /* main.swift */; };
		OBJ_126 /* WeatherRESTClient.framework in Frameworks */ = {isa = PBXBuildFile; fileRef = "WeatherStationService::WeatherRESTClient::Product" /* WeatherRESTClient.framework */; };
		OBJ_127 /* WeatherUDPProtocol.framework in Frameworks */ = {isa = PBXBuildFile; fileRef = "WeatherStationService::WeatherUDPProtocol::Product" /* WeatherUDPProtocol.framework */; };
		OBJ_137 /* Package.swift in Sources */ = {isa = PBXBuildFile; fileRef = OBJ_6 /* Package.swift */; };
		OBJ_149 /* Array+Hex.swift in Sources */ = {isa = PBXBuildFile; fileRef = OBJ_14 /* Array+Hex.swift */; };
		OBJ_150 /* Array+SumChecksum.swift in Sources */ = {isa = PBXBuildFile; fileRef = OBJ_15 /* Array+SumChecksum.swift */; };
		OBJ_151 /* BinaryCodable.swift in Sources */ = {isa = PBXBuildFile; fileRef = OBJ_17 /* BinaryCodable.swift */; };
		OBJ_152 /* BinaryCodableExtensions.swift in Sources */ = {isa = PBXBuildFile; fileRef = OBJ_18 /* BinaryCodableExtensions.swift */; };
		OBJ_153 /* BinaryDecoder.swift in Sources */ = {isa = PBXBuildFile; fileRef = OBJ_19 /* BinaryDecoder.swift */; };
		OBJ_154 /* BinaryEncoder.swift in Sources */ = {isa = PBXBuildFile; fileRef = OBJ_20 /* BinaryEncoder.swift */; };
		OBJ_155 /* ArrayUInt8+BinaryEncodable.swift in Sources */ = {isa = PBXBuildFile; fileRef = OBJ_22 /* ArrayUInt8+BinaryEncodable.swift */; };
		OBJ_156 /* Date+BinaryCodable.swift in Sources */ = {isa = PBXBuildFile; fileRef = OBJ_23 /* Date+BinaryCodable.swift */; };
		OBJ_157 /* PacketDataArray.swift in Sources */ = {isa = PBXBuildFile; fileRef = OBJ_24 /* PacketDataArray.swift */; };
		OBJ_158 /* Data+Hex.swift in Sources */ = {isa = PBXBuildFile; fileRef = OBJ_25 /* Data+Hex.swift */; };
		OBJ_159 /* Float+Int16Round.swift in Sources */ = {isa = PBXBuildFile; fileRef = OBJ_26 /* Float+Int16Round.swift */; };
		OBJ_160 /* Float+Rounded.swift in Sources */ = {isa = PBXBuildFile; fileRef = OBJ_27 /* Float+Rounded.swift */; };
		OBJ_161 /* CurrentWeatherPacket.swift in Sources */ = {isa = PBXBuildFile; fileRef = OBJ_29 /* CurrentWeatherPacket.swift */; };
		OBJ_162 /* Checksum.swift in Sources */ = {isa = PBXBuildFile; fileRef = OBJ_31 /* Checksum.swift */; };
		OBJ_163 /* Commands.swift in Sources */ = {isa = PBXBuildFile; fileRef = OBJ_32 /* Commands.swift */; };
		OBJ_164 /* Countries.swift in Sources */ = {isa = PBXBuildFile; fileRef = OBJ_33 /* Countries.swift */; };
		OBJ_165 /* HeaderFooter.swift in Sources */ = {isa = PBXBuildFile; fileRef = OBJ_34 /* HeaderFooter.swift */; };
		OBJ_166 /* MacAddress.swift in Sources */ = {isa = PBXBuildFile; fileRef = OBJ_35 /* MacAddress.swift */; };
		OBJ_167 /* StaticNibble.swift in Sources */ = {isa = PBXBuildFile; fileRef = OBJ_36 /* StaticNibble.swift */; };
		OBJ_168 /* Temperature.swift in Sources */ = {isa = PBXBuildFile; fileRef = OBJ_37 /* Temperature.swift */; };
		OBJ_169 /* NextDaysForecastPacket.swift in Sources */ = {isa = PBXBuildFile; fileRef = OBJ_38 /* NextDaysForecastPacket.swift */; };
		OBJ_170 /* Requests.swift in Sources */ = {isa = PBXBuildFile; fileRef = OBJ_39 /* Requests.swift */; };
		OBJ_171 /* Responses.swift in Sources */ = {isa = PBXBuildFile; fileRef = OBJ_40 /* Responses.swift */; };
		OBJ_172 /* UDPPacket.swift in Sources */ = {isa = PBXBuildFile; fileRef = OBJ_41 /* UDPPacket.swift */; };
		OBJ_173 /* WeatherForecastBin.swift in Sources */ = {isa = PBXBuildFile; fileRef = OBJ_42 /* WeatherForecastBin.swift */; };
		OBJ_174 /* UInt16+ByteArray.swift in Sources */ = {isa = PBXBuildFile; fileRef = OBJ_43 /* UInt16+ByteArray.swift */; };
		OBJ_180 /* BinaryCooderTests.swift in Sources */ = {isa = PBXBuildFile; fileRef = OBJ_52 /* BinaryCooderTests.swift */; };
		OBJ_181 /* ChecksumMathTests.swift in Sources */ = {isa = PBXBuildFile; fileRef = OBJ_53 /* ChecksumMathTests.swift */; };
		OBJ_182 /* CurrentWeatherPacketTests.swift in Sources */ = {isa = PBXBuildFile; fileRef = OBJ_54 /* CurrentWeatherPacketTests.swift */; };
		OBJ_183 /* DataHexConversionTests.swift in Sources */ = {isa = PBXBuildFile; fileRef = OBJ_55 /* DataHexConversionTests.swift */; };
		OBJ_184 /* FlatRoundingTests.swift in Sources */ = {isa = PBXBuildFile; fileRef = OBJ_56 /* FlatRoundingTests.swift */; };
		OBJ_185 /* FloatRoundedTests.swift in Sources */ = {isa = PBXBuildFile; fileRef = OBJ_57 /* FloatRoundedTests.swift */; };
		OBJ_186 /* HeaderFooterPacketTests.swift in Sources */ = {isa = PBXBuildFile; fileRef = OBJ_58 /* HeaderFooterPacketTests.swift */; };
		OBJ_187 /* NextDaysForecastPacketTests.swift in Sources */ = {isa = PBXBuildFile; fileRef = OBJ_59 /* NextDaysForecastPacketTests.swift */; };
		OBJ_188 /* TemperatureTests.swift in Sources */ = {isa = PBXBuildFile; fileRef = OBJ_60 /* TemperatureTests.swift */; };
		OBJ_189 /* TestUtils.swift in Sources */ = {isa = PBXBuildFile; fileRef = OBJ_61 /* TestUtils.swift */; };
		OBJ_190 /* UDPPacketTests.swift in Sources */ = {isa = PBXBuildFile; fileRef = OBJ_62 /* UDPPacketTests.swift */; };
		OBJ_191 /* WeatherForecastTests.swift in Sources */ = {isa = PBXBuildFile; fileRef = OBJ_63 /* WeatherForecastTests.swift */; };
		OBJ_193 /* WeatherUDPProtocol.framework in Frameworks */ = {isa = PBXBuildFile; fileRef = "WeatherStationService::WeatherUDPProtocol::Product" /* WeatherUDPProtocol.framework */; };
/* End PBXBuildFile section */

/* Begin PBXContainerItemProxy section */
		D932C3AC220E1D5300857219 /* PBXContainerItemProxy */ = {
			isa = PBXContainerItemProxy;
			containerPortal = OBJ_1 /* Project object */;
			proxyType = 1;
			remoteGlobalIDString = "WeatherStationService::WeatherRESTClient";
			remoteInfo = WeatherRESTClient;
		};
		D932C3AD220E1D5300857219 /* PBXContainerItemProxy */ = {
			isa = PBXContainerItemProxy;
			containerPortal = OBJ_1 /* Project object */;
			proxyType = 1;
			remoteGlobalIDString = "WeatherStationService::WeatherUDPProtocol";
			remoteInfo = WeatherUDPProtocol;
		};
		D932C3AE220E1D5300857219 /* PBXContainerItemProxy */ = {
			isa = PBXContainerItemProxy;
			containerPortal = OBJ_1 /* Project object */;
			proxyType = 1;
			remoteGlobalIDString = "WeatherStationService::WeatherRESTClient";
			remoteInfo = WeatherRESTClient;
		};
		D932C3AF220E1D5300857219 /* PBXContainerItemProxy */ = {
			isa = PBXContainerItemProxy;
			containerPortal = OBJ_1 /* Project object */;
			proxyType = 1;
			remoteGlobalIDString = "WeatherStationService::WeatherUDPProtocol";
			remoteInfo = WeatherUDPProtocol;
		};
		D932C3B3220F472700857219 /* PBXContainerItemProxy */ = {
			isa = PBXContainerItemProxy;
			containerPortal = OBJ_1 /* Project object */;
			proxyType = 1;
			remoteGlobalIDString = "WeatherStationService::WeatherUDPProtocolTests";
			remoteInfo = WeatherUDPProtocolTests;
		};
		D932C3B4220F472700857219 /* PBXContainerItemProxy */ = {
			isa = PBXContainerItemProxy;
			containerPortal = OBJ_1 /* Project object */;
			proxyType = 1;
			remoteGlobalIDString = "WeatherStationService::WeatherRESTClientTests";
			remoteInfo = WeatherRESTClientTests;
		};
/* End PBXContainerItemProxy section */

/* Begin PBXCopyFilesBuildPhase section */
		D9EE0BC22216CD6200D7DCF3 /* CopyFiles */ = {
			isa = PBXCopyFilesBuildPhase;
			buildActionMask = 2147483647;
			dstPath = "";
			dstSubfolderSpec = 16;
			files = (
				D9EE0BC42216CD9100D7DCF3 /* api_key.txt in CopyFiles */,
			);
			runOnlyForDeploymentPostprocessing = 0;
		};
/* End PBXCopyFilesBuildPhase section */

/* Begin PBXFileReference section */
		D932C3B1220F472500857219 /* UDPServer.swift */ = {isa = PBXFileReference; lastKnownFileType = sourcecode.swift; path = UDPServer.swift; sourceTree = "<group>"; };
		D932C3B6220F77BA00857219 /* SocketAddress.swift */ = {isa = PBXFileReference; lastKnownFileType = sourcecode.swift; path = SocketAddress.swift; sourceTree = "<group>"; };
		D9EE0BBC2215C61300D7DCF3 /* CurrentWeatherRequestProcessor.swift */ = {isa = PBXFileReference; lastKnownFileType = sourcecode.swift; path = CurrentWeatherRequestProcessor.swift; sourceTree = "<group>"; };
		D9EE0BBE2215C61C00D7DCF3 /* ForecastRequestProcessor.swift */ = {isa = PBXFileReference; lastKnownFileType = sourcecode.swift; path = ForecastRequestProcessor.swift; sourceTree = "<group>"; };
		D9EE0BC32216CD8D00D7DCF3 /* api_key.txt */ = {isa = PBXFileReference; lastKnownFileType = text; path = api_key.txt; sourceTree = "<group>"; };
		OBJ_12 /* main.swift */ = {isa = PBXFileReference; lastKnownFileType = sourcecode.swift; path = main.swift; sourceTree = "<group>"; };
		OBJ_14 /* Array+Hex.swift */ = {isa = PBXFileReference; lastKnownFileType = sourcecode.swift; path = "Array+Hex.swift"; sourceTree = "<group>"; };
		OBJ_15 /* Array+SumChecksum.swift */ = {isa = PBXFileReference; lastKnownFileType = sourcecode.swift; path = "Array+SumChecksum.swift"; sourceTree = "<group>"; };
		OBJ_17 /* BinaryCodable.swift */ = {isa = PBXFileReference; lastKnownFileType = sourcecode.swift; path = BinaryCodable.swift; sourceTree = "<group>"; };
		OBJ_18 /* BinaryCodableExtensions.swift */ = {isa = PBXFileReference; lastKnownFileType = sourcecode.swift; path = BinaryCodableExtensions.swift; sourceTree = "<group>"; };
		OBJ_19 /* BinaryDecoder.swift */ = {isa = PBXFileReference; lastKnownFileType = sourcecode.swift; path = BinaryDecoder.swift; sourceTree = "<group>"; };
		OBJ_20 /* BinaryEncoder.swift */ = {isa = PBXFileReference; lastKnownFileType = sourcecode.swift; path = BinaryEncoder.swift; sourceTree = "<group>"; };
		OBJ_22 /* ArrayUInt8+BinaryEncodable.swift */ = {isa = PBXFileReference; lastKnownFileType = sourcecode.swift; path = "ArrayUInt8+BinaryEncodable.swift"; sourceTree = "<group>"; };
		OBJ_23 /* Date+BinaryCodable.swift */ = {isa = PBXFileReference; lastKnownFileType = sourcecode.swift; path = "Date+BinaryCodable.swift"; sourceTree = "<group>"; };
		OBJ_24 /* PacketDataArray.swift */ = {isa = PBXFileReference; lastKnownFileType = sourcecode.swift; path = PacketDataArray.swift; sourceTree = "<group>"; };
		OBJ_25 /* Data+Hex.swift */ = {isa = PBXFileReference; lastKnownFileType = sourcecode.swift; path = "Data+Hex.swift"; sourceTree = "<group>"; };
		OBJ_26 /* Float+Int16Round.swift */ = {isa = PBXFileReference; lastKnownFileType = sourcecode.swift; path = "Float+Int16Round.swift"; sourceTree = "<group>"; };
		OBJ_27 /* Float+Rounded.swift */ = {isa = PBXFileReference; lastKnownFileType = sourcecode.swift; path = "Float+Rounded.swift"; sourceTree = "<group>"; };
		OBJ_29 /* CurrentWeatherPacket.swift */ = {isa = PBXFileReference; lastKnownFileType = sourcecode.swift; path = CurrentWeatherPacket.swift; sourceTree = "<group>"; };
		OBJ_31 /* Checksum.swift */ = {isa = PBXFileReference; lastKnownFileType = sourcecode.swift; path = Checksum.swift; sourceTree = "<group>"; };
		OBJ_32 /* Commands.swift */ = {isa = PBXFileReference; lastKnownFileType = sourcecode.swift; path = Commands.swift; sourceTree = "<group>"; };
		OBJ_33 /* Countries.swift */ = {isa = PBXFileReference; lastKnownFileType = sourcecode.swift; path = Countries.swift; sourceTree = "<group>"; };
		OBJ_34 /* HeaderFooter.swift */ = {isa = PBXFileReference; lastKnownFileType = sourcecode.swift; path = HeaderFooter.swift; sourceTree = "<group>"; };
		OBJ_35 /* MacAddress.swift */ = {isa = PBXFileReference; lastKnownFileType = sourcecode.swift; path = MacAddress.swift; sourceTree = "<group>"; };
		OBJ_36 /* StaticNibble.swift */ = {isa = PBXFileReference; lastKnownFileType = sourcecode.swift; path = StaticNibble.swift; sourceTree = "<group>"; };
		OBJ_37 /* Temperature.swift */ = {isa = PBXFileReference; lastKnownFileType = sourcecode.swift; path = Temperature.swift; sourceTree = "<group>"; };
		OBJ_38 /* NextDaysForecastPacket.swift */ = {isa = PBXFileReference; lastKnownFileType = sourcecode.swift; path = NextDaysForecastPacket.swift; sourceTree = "<group>"; };
		OBJ_39 /* Requests.swift */ = {isa = PBXFileReference; lastKnownFileType = sourcecode.swift; path = Requests.swift; sourceTree = "<group>"; };
		OBJ_40 /* Responses.swift */ = {isa = PBXFileReference; lastKnownFileType = sourcecode.swift; path = Responses.swift; sourceTree = "<group>"; };
		OBJ_41 /* UDPPacket.swift */ = {isa = PBXFileReference; lastKnownFileType = sourcecode.swift; path = UDPPacket.swift; sourceTree = "<group>"; };
		OBJ_42 /* WeatherForecastBin.swift */ = {isa = PBXFileReference; lastKnownFileType = sourcecode.swift; path = WeatherForecastBin.swift; sourceTree = "<group>"; };
		OBJ_43 /* UInt16+ByteArray.swift */ = {isa = PBXFileReference; lastKnownFileType = sourcecode.swift; path = "UInt16+ByteArray.swift"; sourceTree = "<group>"; };
		OBJ_45 /* APIClient.swift */ = {isa = PBXFileReference; lastKnownFileType = sourcecode.swift; path = APIClient.swift; sourceTree = "<group>"; };
		OBJ_46 /* APIError.swift */ = {isa = PBXFileReference; lastKnownFileType = sourcecode.swift; path = APIError.swift; sourceTree = "<group>"; };
		OBJ_47 /* Result.swift */ = {isa = PBXFileReference; lastKnownFileType = sourcecode.swift; path = Result.swift; sourceTree = "<group>"; };
		OBJ_48 /* WeatherClient.swift */ = {isa = PBXFileReference; lastKnownFileType = sourcecode.swift; path = WeatherClient.swift; sourceTree = "<group>"; };
		OBJ_49 /* WeatherForecast.swift */ = {isa = PBXFileReference; lastKnownFileType = sourcecode.swift; path = WeatherForecast.swift; sourceTree = "<group>"; };
		OBJ_52 /* BinaryCooderTests.swift */ = {isa = PBXFileReference; lastKnownFileType = sourcecode.swift; path = BinaryCooderTests.swift; sourceTree = "<group>"; };
		OBJ_53 /* ChecksumMathTests.swift */ = {isa = PBXFileReference; lastKnownFileType = sourcecode.swift; path = ChecksumMathTests.swift; sourceTree = "<group>"; };
		OBJ_54 /* CurrentWeatherPacketTests.swift */ = {isa = PBXFileReference; lastKnownFileType = sourcecode.swift; path = CurrentWeatherPacketTests.swift; sourceTree = "<group>"; };
		OBJ_55 /* DataHexConversionTests.swift */ = {isa = PBXFileReference; lastKnownFileType = sourcecode.swift; path = DataHexConversionTests.swift; sourceTree = "<group>"; };
		OBJ_56 /* FlatRoundingTests.swift */ = {isa = PBXFileReference; lastKnownFileType = sourcecode.swift; path = FlatRoundingTests.swift; sourceTree = "<group>"; };
		OBJ_57 /* FloatRoundedTests.swift */ = {isa = PBXFileReference; lastKnownFileType = sourcecode.swift; path = FloatRoundedTests.swift; sourceTree = "<group>"; };
		OBJ_58 /* HeaderFooterPacketTests.swift */ = {isa = PBXFileReference; lastKnownFileType = sourcecode.swift; path = HeaderFooterPacketTests.swift; sourceTree = "<group>"; };
		OBJ_59 /* NextDaysForecastPacketTests.swift */ = {isa = PBXFileReference; lastKnownFileType = sourcecode.swift; path = NextDaysForecastPacketTests.swift; sourceTree = "<group>"; };
		OBJ_6 /* Package.swift */ = {isa = PBXFileReference; explicitFileType = sourcecode.swift; path = Package.swift; sourceTree = "<group>"; };
		OBJ_60 /* TemperatureTests.swift */ = {isa = PBXFileReference; lastKnownFileType = sourcecode.swift; path = TemperatureTests.swift; sourceTree = "<group>"; };
		OBJ_61 /* TestUtils.swift */ = {isa = PBXFileReference; lastKnownFileType = sourcecode.swift; path = TestUtils.swift; sourceTree = "<group>"; };
		OBJ_62 /* UDPPacketTests.swift */ = {isa = PBXFileReference; lastKnownFileType = sourcecode.swift; path = UDPPacketTests.swift; sourceTree = "<group>"; };
		OBJ_63 /* WeatherForecastTests.swift */ = {isa = PBXFileReference; lastKnownFileType = sourcecode.swift; path = WeatherForecastTests.swift; sourceTree = "<group>"; };
		OBJ_65 /* APIRequestBuilderTests.swift */ = {isa = PBXFileReference; lastKnownFileType = sourcecode.swift; path = APIRequestBuilderTests.swift; sourceTree = "<group>"; };
		OBJ_9 /* KnownRequestProcessors.swift */ = {isa = PBXFileReference; lastKnownFileType = sourcecode.swift; path = KnownRequestProcessors.swift; sourceTree = "<group>"; };
		"WeatherStationService::WeatherRESTClient::Product" /* WeatherRESTClient.framework */ = {isa = PBXFileReference; lastKnownFileType = wrapper.framework; path = WeatherRESTClient.framework; sourceTree = BUILT_PRODUCTS_DIR; };
		"WeatherStationService::WeatherRESTClientTests::Product" /* WeatherRESTClientTests.xctest */ = {isa = PBXFileReference; lastKnownFileType = file; path = WeatherRESTClientTests.xctest; sourceTree = BUILT_PRODUCTS_DIR; };
		"WeatherStationService::WeatherStationService::Product" /* WeatherStationService */ = {isa = PBXFileReference; lastKnownFileType = text; path = WeatherStationService; sourceTree = BUILT_PRODUCTS_DIR; };
		"WeatherStationService::WeatherUDPProtocol::Product" /* WeatherUDPProtocol.framework */ = {isa = PBXFileReference; lastKnownFileType = wrapper.framework; path = WeatherUDPProtocol.framework; sourceTree = BUILT_PRODUCTS_DIR; };
		"WeatherStationService::WeatherUDPProtocolTests::Product" /* WeatherUDPProtocolTests.xctest */ = {isa = PBXFileReference; lastKnownFileType = file; path = WeatherUDPProtocolTests.xctest; sourceTree = BUILT_PRODUCTS_DIR; };
/* End PBXFileReference section */

/* Begin PBXFrameworksBuildPhase section */
		OBJ_105 /* Frameworks */ = {
			isa = PBXFrameworksBuildPhase;
			buildActionMask = 0;
			files = (
			);
			runOnlyForDeploymentPostprocessing = 0;
		};
		OBJ_112 /* Frameworks */ = {
			isa = PBXFrameworksBuildPhase;
			buildActionMask = 0;
			files = (
				OBJ_113 /* WeatherRESTClient.framework in Frameworks */,
			);
			runOnlyForDeploymentPostprocessing = 0;
		};
		OBJ_124 /* Frameworks */ = {
			isa = PBXFrameworksBuildPhase;
			buildActionMask = 0;
			files = (
				OBJ_126 /* WeatherRESTClient.framework in Frameworks */,
				OBJ_127 /* WeatherUDPProtocol.framework in Frameworks */,
			);
			runOnlyForDeploymentPostprocessing = 0;
		};
		OBJ_175 /* Frameworks */ = {
			isa = PBXFrameworksBuildPhase;
			buildActionMask = 0;
			files = (
			);
			runOnlyForDeploymentPostprocessing = 0;
		};
		OBJ_192 /* Frameworks */ = {
			isa = PBXFrameworksBuildPhase;
			buildActionMask = 0;
			files = (
				OBJ_193 /* WeatherUDPProtocol.framework in Frameworks */,
			);
			runOnlyForDeploymentPostprocessing = 0;
		};
/* End PBXFrameworksBuildPhase section */

/* Begin PBXGroup section */
		D932C3B0220F471900857219 /* UDPServer */ = {
			isa = PBXGroup;
			children = (
				D932C3B1220F472500857219 /* UDPServer.swift */,
				D932C3B6220F77BA00857219 /* SocketAddress.swift */,
			);
			path = UDPServer;
			sourceTree = "<group>";
		};
		OBJ_13 /* WeatherUDPProtocol */ = {
			isa = PBXGroup;
			children = (
				OBJ_14 /* Array+Hex.swift */,
				OBJ_15 /* Array+SumChecksum.swift */,
				OBJ_16 /* BinaryCodable */,
				OBJ_25 /* Data+Hex.swift */,
				OBJ_26 /* Float+Int16Round.swift */,
				OBJ_27 /* Float+Rounded.swift */,
				OBJ_28 /* Packets */,
				OBJ_43 /* UInt16+ByteArray.swift */,
			);
			name = WeatherUDPProtocol;
			path = Sources/WeatherUDPProtocol;
			sourceTree = SOURCE_ROOT;
		};
		OBJ_16 /* BinaryCodable */ = {
			isa = PBXGroup;
			children = (
				OBJ_17 /* BinaryCodable.swift */,
				OBJ_18 /* BinaryCodableExtensions.swift */,
				OBJ_19 /* BinaryDecoder.swift */,
				OBJ_20 /* BinaryEncoder.swift */,
				OBJ_21 /* Custom Types */,
			);
			path = BinaryCodable;
			sourceTree = "<group>";
		};
		OBJ_21 /* Custom Types */ = {
			isa = PBXGroup;
			children = (
				OBJ_22 /* ArrayUInt8+BinaryEncodable.swift */,
				OBJ_23 /* Date+BinaryCodable.swift */,
				OBJ_24 /* PacketDataArray.swift */,
			);
			path = "Custom Types";
			sourceTree = "<group>";
		};
		OBJ_28 /* Packets */ = {
			isa = PBXGroup;
			children = (
				OBJ_29 /* CurrentWeatherPacket.swift */,
				OBJ_30 /* NIbbles */,
				OBJ_38 /* NextDaysForecastPacket.swift */,
				OBJ_39 /* Requests.swift */,
				OBJ_40 /* Responses.swift */,
				OBJ_41 /* UDPPacket.swift */,
				OBJ_42 /* WeatherForecastBin.swift */,
			);
			path = Packets;
			sourceTree = "<group>";
		};
		OBJ_30 /* NIbbles */ = {
			isa = PBXGroup;
			children = (
				OBJ_31 /* Checksum.swift */,
				OBJ_32 /* Commands.swift */,
				OBJ_33 /* Countries.swift */,
				OBJ_34 /* HeaderFooter.swift */,
				OBJ_35 /* MacAddress.swift */,
				OBJ_36 /* StaticNibble.swift */,
				OBJ_37 /* Temperature.swift */,
			);
			path = NIbbles;
			sourceTree = "<group>";
		};
		OBJ_44 /* WeatherRESTClient */ = {
			isa = PBXGroup;
			children = (
				OBJ_45 /* APIClient.swift */,
				OBJ_46 /* APIError.swift */,
				OBJ_47 /* Result.swift */,
				OBJ_48 /* WeatherClient.swift */,
				OBJ_49 /* WeatherForecast.swift */,
			);
			name = WeatherRESTClient;
			path = Sources/WeatherRESTClient;
			sourceTree = SOURCE_ROOT;
		};
		OBJ_5 = {
			isa = PBXGroup;
			children = (
				OBJ_6 /* Package.swift */,
				D9EE0BC32216CD8D00D7DCF3 /* api_key.txt */,
				OBJ_7 /* Sources */,
				OBJ_50 /* Tests */,
				OBJ_73 /* Products */,
			);
			sourceTree = "<group>";
		};
		OBJ_50 /* Tests */ = {
			isa = PBXGroup;
			children = (
				OBJ_51 /* WeatherUDPProtocolTests */,
				OBJ_64 /* WeatherRESTClientTests */,
			);
			name = Tests;
			sourceTree = SOURCE_ROOT;
		};
		OBJ_51 /* WeatherUDPProtocolTests */ = {
			isa = PBXGroup;
			children = (
				OBJ_52 /* BinaryCooderTests.swift */,
				OBJ_53 /* ChecksumMathTests.swift */,
				OBJ_54 /* CurrentWeatherPacketTests.swift */,
				OBJ_55 /* DataHexConversionTests.swift */,
				OBJ_56 /* FlatRoundingTests.swift */,
				OBJ_57 /* FloatRoundedTests.swift */,
				OBJ_58 /* HeaderFooterPacketTests.swift */,
				OBJ_59 /* NextDaysForecastPacketTests.swift */,
				OBJ_60 /* TemperatureTests.swift */,
				OBJ_61 /* TestUtils.swift */,
				OBJ_62 /* UDPPacketTests.swift */,
				OBJ_63 /* WeatherForecastTests.swift */,
			);
			name = WeatherUDPProtocolTests;
			path = Tests/WeatherUDPProtocolTests;
			sourceTree = SOURCE_ROOT;
		};
		OBJ_64 /* WeatherRESTClientTests */ = {
			isa = PBXGroup;
			children = (
				OBJ_65 /* APIRequestBuilderTests.swift */,
			);
			name = WeatherRESTClientTests;
			path = Tests/WeatherRESTClientTests;
			sourceTree = SOURCE_ROOT;
		};
		OBJ_7 /* Sources */ = {
			isa = PBXGroup;
			children = (
				OBJ_8 /* WeatherStationService */,
				OBJ_13 /* WeatherUDPProtocol */,
				OBJ_44 /* WeatherRESTClient */,
			);
			name = Sources;
			sourceTree = SOURCE_ROOT;
		};
		OBJ_73 /* Products */ = {
			isa = PBXGroup;
			children = (
				"WeatherStationService::WeatherStationService::Product" /* WeatherStationService */,
				"WeatherStationService::WeatherUDPProtocolTests::Product" /* WeatherUDPProtocolTests.xctest */,
				"WeatherStationService::WeatherRESTClient::Product" /* WeatherRESTClient.framework */,
				"WeatherStationService::WeatherRESTClientTests::Product" /* WeatherRESTClientTests.xctest */,
				"WeatherStationService::WeatherUDPProtocol::Product" /* WeatherUDPProtocol.framework */,
			);
			name = Products;
			sourceTree = BUILT_PRODUCTS_DIR;
		};
		OBJ_8 /* WeatherStationService */ = {
			isa = PBXGroup;
			children = (
				D932C3B0220F471900857219 /* UDPServer */,
				OBJ_9 /* KnownRequestProcessors.swift */,
				OBJ_12 /* main.swift */,
				D9EE0BBC2215C61300D7DCF3 /* CurrentWeatherRequestProcessor.swift */,
				D9EE0BBE2215C61C00D7DCF3 /* ForecastRequestProcessor.swift */,
			);
			name = WeatherStationService;
			path = Sources/WeatherStationService;
			sourceTree = SOURCE_ROOT;
		};
/* End PBXGroup section */

/* Begin PBXNativeTarget section */
		"WeatherStationService::SwiftPMPackageDescription" /* WeatherStationServicePackageDescription */ = {
			isa = PBXNativeTarget;
			buildConfigurationList = OBJ_133 /* Build configuration list for PBXNativeTarget "WeatherStationServicePackageDescription" */;
			buildPhases = (
				OBJ_136 /* Sources */,
			);
			buildRules = (
			);
			dependencies = (
			);
			name = WeatherStationServicePackageDescription;
			productName = WeatherStationServicePackageDescription;
			productType = "com.apple.product-type.framework";
		};
		"WeatherStationService::WeatherRESTClient" /* WeatherRESTClient */ = {
			isa = PBXNativeTarget;
			buildConfigurationList = OBJ_96 /* Build configuration list for PBXNativeTarget "WeatherRESTClient" */;
			buildPhases = (
				OBJ_99 /* Sources */,
				OBJ_105 /* Frameworks */,
			);
			buildRules = (
			);
			dependencies = (
			);
			name = WeatherRESTClient;
			productName = WeatherRESTClient;
			productReference = "WeatherStationService::WeatherRESTClient::Product" /* WeatherRESTClient.framework */;
			productType = "com.apple.product-type.framework";
		};
		"WeatherStationService::WeatherRESTClientTests" /* WeatherRESTClientTests */ = {
			isa = PBXNativeTarget;
			buildConfigurationList = OBJ_107 /* Build configuration list for PBXNativeTarget "WeatherRESTClientTests" */;
			buildPhases = (
				OBJ_110 /* Sources */,
				OBJ_112 /* Frameworks */,
			);
			buildRules = (
			);
			dependencies = (
				OBJ_114 /* PBXTargetDependency */,
			);
			name = WeatherRESTClientTests;
			productName = WeatherRESTClientTests;
			productReference = "WeatherStationService::WeatherRESTClientTests::Product" /* WeatherRESTClientTests.xctest */;
			productType = "com.apple.product-type.bundle.unit-test";
		};
		"WeatherStationService::WeatherStationService" /* WeatherStationService */ = {
			isa = PBXNativeTarget;
			buildConfigurationList = OBJ_116 /* Build configuration list for PBXNativeTarget "WeatherStationService" */;
			buildPhases = (
				OBJ_119 /* Sources */,
				OBJ_124 /* Frameworks */,
				D9EE0BC22216CD6200D7DCF3 /* CopyFiles */,
			);
			buildRules = (
			);
			dependencies = (
				OBJ_129 /* PBXTargetDependency */,
				OBJ_130 /* PBXTargetDependency */,
			);
			name = WeatherStationService;
			productName = WeatherStationService;
			productReference = "WeatherStationService::WeatherStationService::Product" /* WeatherStationService */;
			productType = "com.apple.product-type.tool";
		};
		"WeatherStationService::WeatherUDPProtocol" /* WeatherUDPProtocol */ = {
			isa = PBXNativeTarget;
			buildConfigurationList = OBJ_145 /* Build configuration list for PBXNativeTarget "WeatherUDPProtocol" */;
			buildPhases = (
				OBJ_148 /* Sources */,
				OBJ_175 /* Frameworks */,
			);
			buildRules = (
			);
			dependencies = (
			);
			name = WeatherUDPProtocol;
			productName = WeatherUDPProtocol;
			productReference = "WeatherStationService::WeatherUDPProtocol::Product" /* WeatherUDPProtocol.framework */;
			productType = "com.apple.product-type.framework";
		};
		"WeatherStationService::WeatherUDPProtocolTests" /* WeatherUDPProtocolTests */ = {
			isa = PBXNativeTarget;
			buildConfigurationList = OBJ_176 /* Build configuration list for PBXNativeTarget "WeatherUDPProtocolTests" */;
			buildPhases = (
				OBJ_179 /* Sources */,
				OBJ_192 /* Frameworks */,
			);
			buildRules = (
			);
			dependencies = (
				OBJ_194 /* PBXTargetDependency */,
			);
			name = WeatherUDPProtocolTests;
			productName = WeatherUDPProtocolTests;
			productReference = "WeatherStationService::WeatherUDPProtocolTests::Product" /* WeatherUDPProtocolTests.xctest */;
			productType = "com.apple.product-type.bundle.unit-test";
		};
/* End PBXNativeTarget section */

/* Begin PBXProject section */
		OBJ_1 /* Project object */ = {
			isa = PBXProject;
			attributes = {
				LastUpgradeCheck = 9999;
			};
			buildConfigurationList = OBJ_2 /* Build configuration list for PBXProject "WeatherStationService" */;
			compatibilityVersion = "Xcode 3.2";
			developmentRegion = English;
			hasScannedForEncodings = 0;
			knownRegions = (
				en,
			);
			mainGroup = OBJ_5;
			productRefGroup = OBJ_73 /* Products */;
			projectDirPath = "";
			projectRoot = "";
			targets = (
				"WeatherStationService::WeatherRESTClient" /* WeatherRESTClient */,
				"WeatherStationService::WeatherRESTClientTests" /* WeatherRESTClientTests */,
				"WeatherStationService::WeatherStationService" /* WeatherStationService */,
				"WeatherStationService::SwiftPMPackageDescription" /* WeatherStationServicePackageDescription */,
				"WeatherStationService::WeatherStationServicePackageTests::ProductTarget" /* WeatherStationServicePackageTests */,
				"WeatherStationService::WeatherUDPProtocol" /* WeatherUDPProtocol */,
				"WeatherStationService::WeatherUDPProtocolTests" /* WeatherUDPProtocolTests */,
			);
		};
/* End PBXProject section */

/* Begin PBXSourcesBuildPhase section */
		OBJ_110 /* Sources */ = {
			isa = PBXSourcesBuildPhase;
			buildActionMask = 0;
			files = (
				OBJ_111 /* APIRequestBuilderTests.swift in Sources */,
			);
			runOnlyForDeploymentPostprocessing = 0;
		};
		OBJ_119 /* Sources */ = {
			isa = PBXSourcesBuildPhase;
			buildActionMask = 0;
			files = (
				OBJ_120 /* KnownRequestProcessors.swift in Sources */,
				D9EE0BC02215C62100D7DCF3 /* CurrentWeatherRequestProcessor.swift in Sources */,
				OBJ_123 /* main.swift in Sources */,
				D9EE0BC12215C62100D7DCF3 /* ForecastRequestProcessor.swift in Sources */,
				D932C3B5220F4BE100857219 /* UDPServer.swift in Sources */,
				D932C3B8220F80CC00857219 /* SocketAddress.swift in Sources */,
			);
			runOnlyForDeploymentPostprocessing = 0;
		};
		OBJ_136 /* Sources */ = {
			isa = PBXSourcesBuildPhase;
			buildActionMask = 0;
			files = (
				OBJ_137 /* Package.swift in Sources */,
			);
			runOnlyForDeploymentPostprocessing = 0;
		};
		OBJ_148 /* Sources */ = {
			isa = PBXSourcesBuildPhase;
			buildActionMask = 0;
			files = (
				OBJ_149 /* Array+Hex.swift in Sources */,
				OBJ_150 /* Array+SumChecksum.swift in Sources */,
				OBJ_151 /* BinaryCodable.swift in Sources */,
				OBJ_152 /* BinaryCodableExtensions.swift in Sources */,
				OBJ_153 /* BinaryDecoder.swift in Sources */,
				OBJ_154 /* BinaryEncoder.swift in Sources */,
				OBJ_155 /* ArrayUInt8+BinaryEncodable.swift in Sources */,
				OBJ_156 /* Date+BinaryCodable.swift in Sources */,
				OBJ_157 /* PacketDataArray.swift in Sources */,
				OBJ_158 /* Data+Hex.swift in Sources */,
				OBJ_159 /* Float+Int16Round.swift in Sources */,
				OBJ_160 /* Float+Rounded.swift in Sources */,
				OBJ_161 /* CurrentWeatherPacket.swift in Sources */,
				OBJ_162 /* Checksum.swift in Sources */,
				OBJ_163 /* Commands.swift in Sources */,
				OBJ_164 /* Countries.swift in Sources */,
				OBJ_165 /* HeaderFooter.swift in Sources */,
				OBJ_166 /* MacAddress.swift in Sources */,
				OBJ_167 /* StaticNibble.swift in Sources */,
				OBJ_168 /* Temperature.swift in Sources */,
				OBJ_169 /* NextDaysForecastPacket.swift in Sources */,
				OBJ_170 /* Requests.swift in Sources */,
				OBJ_171 /* Responses.swift in Sources */,
				OBJ_172 /* UDPPacket.swift in Sources */,
				OBJ_173 /* WeatherForecastBin.swift in Sources */,
				OBJ_174 /* UInt16+ByteArray.swift in Sources */,
			);
			runOnlyForDeploymentPostprocessing = 0;
		};
		OBJ_179 /* Sources */ = {
			isa = PBXSourcesBuildPhase;
			buildActionMask = 0;
			files = (
				OBJ_180 /* BinaryCooderTests.swift in Sources */,
				OBJ_181 /* ChecksumMathTests.swift in Sources */,
				OBJ_182 /* CurrentWeatherPacketTests.swift in Sources */,
				OBJ_183 /* DataHexConversionTests.swift in Sources */,
				OBJ_184 /* FlatRoundingTests.swift in Sources */,
				OBJ_185 /* FloatRoundedTests.swift in Sources */,
				OBJ_186 /* HeaderFooterPacketTests.swift in Sources */,
				OBJ_187 /* NextDaysForecastPacketTests.swift in Sources */,
				OBJ_188 /* TemperatureTests.swift in Sources */,
				OBJ_189 /* TestUtils.swift in Sources */,
				OBJ_190 /* UDPPacketTests.swift in Sources */,
				OBJ_191 /* WeatherForecastTests.swift in Sources */,
			);
			runOnlyForDeploymentPostprocessing = 0;
		};
		OBJ_99 /* Sources */ = {
			isa = PBXSourcesBuildPhase;
			buildActionMask = 0;
			files = (
				OBJ_100 /* APIClient.swift in Sources */,
				OBJ_101 /* APIError.swift in Sources */,
				OBJ_102 /* Result.swift in Sources */,
				OBJ_103 /* WeatherClient.swift in Sources */,
				OBJ_104 /* WeatherForecast.swift in Sources */,
			);
			runOnlyForDeploymentPostprocessing = 0;
		};
/* End PBXSourcesBuildPhase section */

/* Begin PBXTargetDependency section */
		OBJ_114 /* PBXTargetDependency */ = {
			isa = PBXTargetDependency;
			target = "WeatherStationService::WeatherRESTClient" /* WeatherRESTClient */;
			targetProxy = D932C3AE220E1D5300857219 /* PBXContainerItemProxy */;
		};
		OBJ_129 /* PBXTargetDependency */ = {
			isa = PBXTargetDependency;
			target = "WeatherStationService::WeatherRESTClient" /* WeatherRESTClient */;
			targetProxy = D932C3AC220E1D5300857219 /* PBXContainerItemProxy */;
		};
		OBJ_130 /* PBXTargetDependency */ = {
			isa = PBXTargetDependency;
			target = "WeatherStationService::WeatherUDPProtocol" /* WeatherUDPProtocol */;
			targetProxy = D932C3AD220E1D5300857219 /* PBXContainerItemProxy */;
		};
		OBJ_142 /* PBXTargetDependency */ = {
			isa = PBXTargetDependency;
			target = "WeatherStationService::WeatherUDPProtocolTests" /* WeatherUDPProtocolTests */;
			targetProxy = D932C3B3220F472700857219 /* PBXContainerItemProxy */;
		};
		OBJ_144 /* PBXTargetDependency */ = {
			isa = PBXTargetDependency;
			target = "WeatherStationService::WeatherRESTClientTests" /* WeatherRESTClientTests */;
			targetProxy = D932C3B4220F472700857219 /* PBXContainerItemProxy */;
		};
		OBJ_194 /* PBXTargetDependency */ = {
			isa = PBXTargetDependency;
			target = "WeatherStationService::WeatherUDPProtocol" /* WeatherUDPProtocol */;
			targetProxy = D932C3AF220E1D5300857219 /* PBXContainerItemProxy */;
		};
/* End PBXTargetDependency section */

/* Begin XCBuildConfiguration section */
		OBJ_108 /* Debug */ = {
			isa = XCBuildConfiguration;
			buildSettings = {
				CLANG_ENABLE_MODULES = YES;
				EMBEDDED_CONTENT_CONTAINS_SWIFT = YES;
				FRAMEWORK_SEARCH_PATHS = (
					"$(inherited)",
					"$(PLATFORM_DIR)/Developer/Library/Frameworks",
				);
				HEADER_SEARCH_PATHS = "$(inherited)";
				INFOPLIST_FILE = WeatherStationService.xcodeproj/WeatherRESTClientTests_Info.plist;
				LD_RUNPATH_SEARCH_PATHS = "$(inherited) @loader_path/../Frameworks @loader_path/Frameworks";
				OTHER_CFLAGS = "$(inherited)";
				OTHER_LDFLAGS = "$(inherited)";
				OTHER_SWIFT_FLAGS = "$(inherited)";
				SWIFT_ACTIVE_COMPILATION_CONDITIONS = "$(inherited)";
				SWIFT_VERSION = 4.2;
				TARGET_NAME = WeatherRESTClientTests;
			};
			name = Debug;
		};
		OBJ_109 /* Release */ = {
			isa = XCBuildConfiguration;
			buildSettings = {
				CLANG_ENABLE_MODULES = YES;
				EMBEDDED_CONTENT_CONTAINS_SWIFT = YES;
				FRAMEWORK_SEARCH_PATHS = (
					"$(inherited)",
					"$(PLATFORM_DIR)/Developer/Library/Frameworks",
				);
				HEADER_SEARCH_PATHS = "$(inherited)";
				INFOPLIST_FILE = WeatherStationService.xcodeproj/WeatherRESTClientTests_Info.plist;
				LD_RUNPATH_SEARCH_PATHS = "$(inherited) @loader_path/../Frameworks @loader_path/Frameworks";
				OTHER_CFLAGS = "$(inherited)";
				OTHER_LDFLAGS = "$(inherited)";
				OTHER_SWIFT_FLAGS = "$(inherited)";
				SWIFT_ACTIVE_COMPILATION_CONDITIONS = "$(inherited)";
				SWIFT_VERSION = 4.2;
				TARGET_NAME = WeatherRESTClientTests;
			};
			name = Release;
		};
		OBJ_117 /* Debug */ = {
			isa = XCBuildConfiguration;
			buildSettings = {
				FRAMEWORK_SEARCH_PATHS = (
					"$(inherited)",
					"$(PLATFORM_DIR)/Developer/Library/Frameworks",
				);
				HEADER_SEARCH_PATHS = "$(inherited)";
				INFOPLIST_FILE = WeatherStationService.xcodeproj/WeatherStationService_Info.plist;
				LD_RUNPATH_SEARCH_PATHS = "$(inherited) $(TOOLCHAIN_DIR)/usr/lib/swift/macosx @executable_path";
				OTHER_CFLAGS = "$(inherited)";
				OTHER_LDFLAGS = "$(inherited)";
				OTHER_SWIFT_FLAGS = "$(inherited)";
				SWIFT_ACTIVE_COMPILATION_CONDITIONS = "$(inherited)";
				SWIFT_FORCE_DYNAMIC_LINK_STDLIB = YES;
				SWIFT_FORCE_STATIC_LINK_STDLIB = NO;
				SWIFT_VERSION = 4.2;
				TARGET_NAME = WeatherStationService;
			};
			name = Debug;
		};
		OBJ_118 /* Release */ = {
			isa = XCBuildConfiguration;
			buildSettings = {
				FRAMEWORK_SEARCH_PATHS = (
					"$(inherited)",
					"$(PLATFORM_DIR)/Developer/Library/Frameworks",
				);
				HEADER_SEARCH_PATHS = "$(inherited)";
				INFOPLIST_FILE = WeatherStationService.xcodeproj/WeatherStationService_Info.plist;
				LD_RUNPATH_SEARCH_PATHS = "$(inherited) $(TOOLCHAIN_DIR)/usr/lib/swift/macosx @executable_path";
				OTHER_CFLAGS = "$(inherited)";
				OTHER_LDFLAGS = "$(inherited)";
				OTHER_SWIFT_FLAGS = "$(inherited)";
				SWIFT_ACTIVE_COMPILATION_CONDITIONS = "$(inherited)";
				SWIFT_FORCE_DYNAMIC_LINK_STDLIB = YES;
				SWIFT_FORCE_STATIC_LINK_STDLIB = NO;
				SWIFT_VERSION = 4.2;
				TARGET_NAME = WeatherStationService;
			};
			name = Release;
		};
		OBJ_134 /* Debug */ = {
			isa = XCBuildConfiguration;
			buildSettings = {
				LD = /usr/bin/true;
				OTHER_SWIFT_FLAGS = "-swift-version 4.2 -I $(TOOLCHAIN_DIR)/usr/lib/swift/pm/4_2 -target x86_64-apple-macosx10.10 -sdk /Applications/Xcode.app/Contents/Developer/Platforms/MacOSX.platform/Developer/SDKs/MacOSX10.14.sdk";
				SWIFT_VERSION = 4.2;
			};
			name = Debug;
		};
		OBJ_135 /* Release */ = {
			isa = XCBuildConfiguration;
			buildSettings = {
				LD = /usr/bin/true;
				OTHER_SWIFT_FLAGS = "-swift-version 4.2 -I $(TOOLCHAIN_DIR)/usr/lib/swift/pm/4_2 -target x86_64-apple-macosx10.10 -sdk /Applications/Xcode.app/Contents/Developer/Platforms/MacOSX.platform/Developer/SDKs/MacOSX10.14.sdk";
				SWIFT_VERSION = 4.2;
			};
			name = Release;
		};
		OBJ_140 /* Debug */ = {
			isa = XCBuildConfiguration;
			buildSettings = {
			};
			name = Debug;
		};
		OBJ_141 /* Release */ = {
			isa = XCBuildConfiguration;
			buildSettings = {
			};
			name = Release;
		};
		OBJ_146 /* Debug */ = {
			isa = XCBuildConfiguration;
			buildSettings = {
				ENABLE_TESTABILITY = YES;
				FRAMEWORK_SEARCH_PATHS = (
					"$(inherited)",
					"$(PLATFORM_DIR)/Developer/Library/Frameworks",
				);
				HEADER_SEARCH_PATHS = "$(inherited)";
				INFOPLIST_FILE = WeatherStationService.xcodeproj/WeatherUDPProtocol_Info.plist;
				LD_RUNPATH_SEARCH_PATHS = "$(inherited) $(TOOLCHAIN_DIR)/usr/lib/swift/macosx";
				OTHER_CFLAGS = "$(inherited)";
				OTHER_LDFLAGS = "$(inherited)";
				OTHER_SWIFT_FLAGS = "$(inherited)";
				PRODUCT_BUNDLE_IDENTIFIER = WeatherUDPProtocol;
				PRODUCT_MODULE_NAME = "$(TARGET_NAME:c99extidentifier)";
				PRODUCT_NAME = "$(TARGET_NAME:c99extidentifier)";
				SKIP_INSTALL = YES;
				SWIFT_ACTIVE_COMPILATION_CONDITIONS = "$(inherited)";
				SWIFT_VERSION = 4.2;
				TARGET_NAME = WeatherUDPProtocol;
			};
			name = Debug;
		};
		OBJ_147 /* Release */ = {
			isa = XCBuildConfiguration;
			buildSettings = {
				ENABLE_TESTABILITY = YES;
				FRAMEWORK_SEARCH_PATHS = (
					"$(inherited)",
					"$(PLATFORM_DIR)/Developer/Library/Frameworks",
				);
				HEADER_SEARCH_PATHS = "$(inherited)";
				INFOPLIST_FILE = WeatherStationService.xcodeproj/WeatherUDPProtocol_Info.plist;
				LD_RUNPATH_SEARCH_PATHS = "$(inherited) $(TOOLCHAIN_DIR)/usr/lib/swift/macosx";
				OTHER_CFLAGS = "$(inherited)";
				OTHER_LDFLAGS = "$(inherited)";
				OTHER_SWIFT_FLAGS = "$(inherited)";
				PRODUCT_BUNDLE_IDENTIFIER = WeatherUDPProtocol;
				PRODUCT_MODULE_NAME = "$(TARGET_NAME:c99extidentifier)";
				PRODUCT_NAME = "$(TARGET_NAME:c99extidentifier)";
				SKIP_INSTALL = YES;
				SWIFT_ACTIVE_COMPILATION_CONDITIONS = "$(inherited)";
				SWIFT_VERSION = 4.2;
				TARGET_NAME = WeatherUDPProtocol;
			};
			name = Release;
		};
		OBJ_177 /* Debug */ = {
			isa = XCBuildConfiguration;
			buildSettings = {
				CLANG_ENABLE_MODULES = YES;
				EMBEDDED_CONTENT_CONTAINS_SWIFT = YES;
				FRAMEWORK_SEARCH_PATHS = (
					"$(inherited)",
					"$(PLATFORM_DIR)/Developer/Library/Frameworks",
				);
				HEADER_SEARCH_PATHS = "$(inherited)";
				INFOPLIST_FILE = WeatherStationService.xcodeproj/WeatherUDPProtocolTests_Info.plist;
				LD_RUNPATH_SEARCH_PATHS = "$(inherited) @loader_path/../Frameworks @loader_path/Frameworks";
				OTHER_CFLAGS = "$(inherited)";
				OTHER_LDFLAGS = "$(inherited)";
				OTHER_SWIFT_FLAGS = "$(inherited)";
				SWIFT_ACTIVE_COMPILATION_CONDITIONS = "$(inherited)";
				SWIFT_VERSION = 4.2;
				TARGET_NAME = WeatherUDPProtocolTests;
			};
			name = Debug;
		};
		OBJ_178 /* Release */ = {
			isa = XCBuildConfiguration;
			buildSettings = {
				CLANG_ENABLE_MODULES = YES;
				EMBEDDED_CONTENT_CONTAINS_SWIFT = YES;
				FRAMEWORK_SEARCH_PATHS = (
					"$(inherited)",
					"$(PLATFORM_DIR)/Developer/Library/Frameworks",
				);
				HEADER_SEARCH_PATHS = "$(inherited)";
				INFOPLIST_FILE = WeatherStationService.xcodeproj/WeatherUDPProtocolTests_Info.plist;
				LD_RUNPATH_SEARCH_PATHS = "$(inherited) @loader_path/../Frameworks @loader_path/Frameworks";
				OTHER_CFLAGS = "$(inherited)";
				OTHER_LDFLAGS = "$(inherited)";
				OTHER_SWIFT_FLAGS = "$(inherited)";
				SWIFT_ACTIVE_COMPILATION_CONDITIONS = "$(inherited)";
				SWIFT_VERSION = 4.2;
				TARGET_NAME = WeatherUDPProtocolTests;
			};
			name = Release;
		};
		OBJ_3 /* Debug */ = {
			isa = XCBuildConfiguration;
			buildSettings = {
				CLANG_ENABLE_OBJC_ARC = YES;
				COMBINE_HIDPI_IMAGES = YES;
				COPY_PHASE_STRIP = NO;
				DEBUG_INFORMATION_FORMAT = dwarf;
				DYLIB_INSTALL_NAME_BASE = "@rpath";
				ENABLE_NS_ASSERTIONS = YES;
				GCC_OPTIMIZATION_LEVEL = 0;
				GCC_PREPROCESSOR_DEFINITIONS = (
					"DEBUG=1",
					"$(inherited)",
				);
				MACOSX_DEPLOYMENT_TARGET = 10.10;
				ONLY_ACTIVE_ARCH = YES;
				OTHER_SWIFT_FLAGS = "-DXcode";
				PRODUCT_NAME = "$(TARGET_NAME)";
				SDKROOT = macosx;
				SUPPORTED_PLATFORMS = "macosx iphoneos iphonesimulator appletvos appletvsimulator watchos watchsimulator";
				SWIFT_ACTIVE_COMPILATION_CONDITIONS = "SWIFT_PACKAGE DEBUG";
				SWIFT_OPTIMIZATION_LEVEL = "-Onone";
				USE_HEADERMAP = NO;
			};
			name = Debug;
		};
		OBJ_4 /* Release */ = {
			isa = XCBuildConfiguration;
			buildSettings = {
				CLANG_ENABLE_OBJC_ARC = YES;
				COMBINE_HIDPI_IMAGES = YES;
				COPY_PHASE_STRIP = YES;
				DEBUG_INFORMATION_FORMAT = "dwarf-with-dsym";
				DYLIB_INSTALL_NAME_BASE = "@rpath";
				GCC_OPTIMIZATION_LEVEL = s;
				MACOSX_DEPLOYMENT_TARGET = 10.10;
				OTHER_SWIFT_FLAGS = "-DXcode";
				PRODUCT_NAME = "$(TARGET_NAME)";
				SDKROOT = macosx;
				SUPPORTED_PLATFORMS = "macosx iphoneos iphonesimulator appletvos appletvsimulator watchos watchsimulator";
				SWIFT_ACTIVE_COMPILATION_CONDITIONS = SWIFT_PACKAGE;
				SWIFT_OPTIMIZATION_LEVEL = "-Owholemodule";
				USE_HEADERMAP = NO;
			};
			name = Release;
		};
		OBJ_97 /* Debug */ = {
			isa = XCBuildConfiguration;
			buildSettings = {
				ENABLE_TESTABILITY = YES;
				FRAMEWORK_SEARCH_PATHS = (
					"$(inherited)",
					"$(PLATFORM_DIR)/Developer/Library/Frameworks",
				);
				HEADER_SEARCH_PATHS = "$(inherited)";
				INFOPLIST_FILE = WeatherStationService.xcodeproj/WeatherRESTClient_Info.plist;
				LD_RUNPATH_SEARCH_PATHS = "$(inherited) $(TOOLCHAIN_DIR)/usr/lib/swift/macosx";
				OTHER_CFLAGS = "$(inherited)";
				OTHER_LDFLAGS = "$(inherited)";
				OTHER_SWIFT_FLAGS = "$(inherited)";
				PRODUCT_BUNDLE_IDENTIFIER = WeatherRESTClient;
				PRODUCT_MODULE_NAME = "$(TARGET_NAME:c99extidentifier)";
				PRODUCT_NAME = "$(TARGET_NAME:c99extidentifier)";
				SKIP_INSTALL = YES;
				SWIFT_ACTIVE_COMPILATION_CONDITIONS = "$(inherited)";
				SWIFT_VERSION = 4.2;
				TARGET_NAME = WeatherRESTClient;
			};
			name = Debug;
		};
		OBJ_98 /* Release */ = {
			isa = XCBuildConfiguration;
			buildSettings = {
				ENABLE_TESTABILITY = YES;
				FRAMEWORK_SEARCH_PATHS = (
					"$(inherited)",
					"$(PLATFORM_DIR)/Developer/Library/Frameworks",
				);
				HEADER_SEARCH_PATHS = "$(inherited)";
				INFOPLIST_FILE = WeatherStationService.xcodeproj/WeatherRESTClient_Info.plist;
				LD_RUNPATH_SEARCH_PATHS = "$(inherited) $(TOOLCHAIN_DIR)/usr/lib/swift/macosx";
				OTHER_CFLAGS = "$(inherited)";
				OTHER_LDFLAGS = "$(inherited)";
				OTHER_SWIFT_FLAGS = "$(inherited)";
				PRODUCT_BUNDLE_IDENTIFIER = WeatherRESTClient;
				PRODUCT_MODULE_NAME = "$(TARGET_NAME:c99extidentifier)";
				PRODUCT_NAME = "$(TARGET_NAME:c99extidentifier)";
				SKIP_INSTALL = YES;
				SWIFT_ACTIVE_COMPILATION_CONDITIONS = "$(inherited)";
				SWIFT_VERSION = 4.2;
				TARGET_NAME = WeatherRESTClient;
			};
			name = Release;
		};
/* End XCBuildConfiguration section */

/* Begin XCConfigurationList section */
		OBJ_107 /* Build configuration list for PBXNativeTarget "WeatherRESTClientTests" */ = {
			isa = XCConfigurationList;
			buildConfigurations = (
				OBJ_108 /* Debug */,
				OBJ_109 /* Release */,
			);
			defaultConfigurationIsVisible = 0;
			defaultConfigurationName = Release;
		};
		OBJ_116 /* Build configuration list for PBXNativeTarget "WeatherStationService" */ = {
			isa = XCConfigurationList;
			buildConfigurations = (
				OBJ_117 /* Debug */,
				OBJ_118 /* Release */,
			);
			defaultConfigurationIsVisible = 0;
			defaultConfigurationName = Release;
		};
		OBJ_133 /* Build configuration list for PBXNativeTarget "WeatherStationServicePackageDescription" */ = {
			isa = XCConfigurationList;
			buildConfigurations = (
				OBJ_134 /* Debug */,
				OBJ_135 /* Release */,
			);
			defaultConfigurationIsVisible = 0;
			defaultConfigurationName = Release;
		};
		OBJ_139 /* Build configuration list for PBXAggregateTarget "WeatherStationServicePackageTests" */ = {
			isa = XCConfigurationList;
			buildConfigurations = (
				OBJ_140 /* Debug */,
				OBJ_141 /* Release */,
			);
			defaultConfigurationIsVisible = 0;
			defaultConfigurationName = Release;
		};
		OBJ_145 /* Build configuration list for PBXNativeTarget "WeatherUDPProtocol" */ = {
			isa = XCConfigurationList;
			buildConfigurations = (
				OBJ_146 /* Debug */,
				OBJ_147 /* Release */,
			);
			defaultConfigurationIsVisible = 0;
			defaultConfigurationName = Release;
		};
		OBJ_176 /* Build configuration list for PBXNativeTarget "WeatherUDPProtocolTests" */ = {
			isa = XCConfigurationList;
			buildConfigurations = (
				OBJ_177 /* Debug */,
				OBJ_178 /* Release */,
			);
			defaultConfigurationIsVisible = 0;
			defaultConfigurationName = Release;
		};
		OBJ_2 /* Build configuration list for PBXProject "WeatherStationService" */ = {
			isa = XCConfigurationList;
			buildConfigurations = (
				OBJ_3 /* Debug */,
				OBJ_4 /* Release */,
			);
			defaultConfigurationIsVisible = 0;
			defaultConfigurationName = Release;
		};
		OBJ_96 /* Build configuration list for PBXNativeTarget "WeatherRESTClient" */ = {
			isa = XCConfigurationList;
			buildConfigurations = (
				OBJ_97 /* Debug */,
				OBJ_98 /* Release */,
			);
			defaultConfigurationIsVisible = 0;
			defaultConfigurationName = Release;
		};
/* End XCConfigurationList section */
	};
	rootObject = OBJ_1 /* Project object */;
}
